<?xml version="1.0" encoding="utf-8"?>
<Project ToolsVersion="4.0" xmlns="http://schemas.microsoft.com/developer/msbuild/2003">
  <ItemGroup>
    <ClCompile Include="..\code\OpenTyria\array.c" />
    <ClCompile Include="..\code\OpenTyria\build_open_tyria.c" />
    <ClCompile Include="..\code\OpenTyria\int.c" />
    <ClCompile Include="..\code\OpenTyria\logs.c" />
    <ClCompile Include="..\code\OpenTyria\main.c" />
    <ClCompile Include="..\code\OpenTyria\stream.c" />
    <ClCompile Include="..\code\OpenTyria\tests.c" />
    <ClCompile Include="..\code\OpenTyria\win32\iocp_win32.c" />
    <ClCompile Include="..\code\OpenTyria\win32\sys_win32.c" />
    <ClCompile Include="..\code\OpenTyria\arc4.c" />
    <ClCompile Include="..\code\OpenTyria\helper.c" />
    <ClCompile Include="..\code\OpenTyria\msgdefs.c" />
    <ClCompile Include="..\code\OpenTyria\msgpack.c" />
    <ClCompile Include="..\code\OpenTyria\sqlite3.c" />
    <ClCompile Include="..\code\OpenTyria\random.c" />
    <ClCompile Include="..\code\OpenTyria\AuthSrv.c" />
    <ClCompile Include="..\code\OpenTyria\network.c" />
    <ClCompile Include="..\code\OpenTyria\GameSrv.c" />
    <ClCompile Include="..\code\OpenTyria\Db.c" />
    <ClCompile Include="..\code\OpenTyria\GmDefaultArmors.c" />
    <ClCompile Include="..\code\OpenTyria\GmInventory.c" />
    <ClCompile Include="..\code\OpenTyria\GmPlayer.c" />
    <ClCompile Include="..\code\OpenTyria\GmAgent.c" />
    <ClCompile Include="..\code\OpenTyria\GmItem.c" />
    <ClCompile Include="..\code\OpenTyria\GmTitleConstData.c" />
    <ClCompile Include="..\code\OpenTyria\GmParty.c" />
    <ClCompile Include="..\code\OpenTyria\GmChat.c" />
    <ClCompile Include="..\code\OpenTyria\GmChar.c" />
    <ClCompile Include="..\code\OpenTyria\GmText.c" />
    <ClCompile Include="..\code\OpenTyria\GmPathHeap.c" />
    <ClCompile Include="..\code\OpenTyria\GmPaths.c" />
    <ClCompile Include="..\code\OpenTyria\FaArchive.c" />
    <ClCompile Include="..\code\OpenTyria\FaCompress.c" />
    <ClCompile Include="..\code\OpenTyria\GmMapsConfig.c" />
    <ClCompile Include="..\code\OpenTyria\GmMapDataImport.c" />
    <ClCompile Include="..\code\OpenTyria\CtrlConn.c" />
    <ClCompile Include="..\code\OpenTyria\CtrlProto.c" />
    <ClCompile Include="..\code\OpenTyria\AuthSrvCtrl.c" />
    <ClCompile Include="..\code\OpenTyria\iocp.c" />
  </ItemGroup>
  <ItemGroup>
    <ClInclude Include="..\code\OpenTyria\array.h" />
    <ClInclude Include="..\code\OpenTyria\endian.h" />
    <ClInclude Include="..\code\OpenTyria\int.h" />
    <ClInclude Include="..\code\OpenTyria\iocp.h" />
    <ClInclude Include="..\code\OpenTyria\logs.h" />
    <ClInclude Include="..\code\OpenTyria\macros.h" />
    <ClInclude Include="..\code\OpenTyria\stb_sprintf.h" />
    <ClInclude Include="..\code\OpenTyria\stream.h" />
    <ClInclude Include="..\code\OpenTyria\sys.h" />
    <ClInclude Include="..\code\OpenTyria\stb_ds.h" />
    <ClInclude Include="..\code\OpenTyria\arc4.h" />
    <ClInclude Include="..\code\OpenTyria\errors.h" />
    <ClInclude Include="..\code\OpenTyria\msgdefs.h" />
    <ClInclude Include="..\code\OpenTyria\msgpack.h" />
    <ClInclude Include="..\code\OpenTyria\opcodes.h" />
    <ClInclude Include="..\code\OpenTyria\proto.h" />
    <ClInclude Include="..\code\OpenTyria\GameSrv.h" />
    <ClInclude Include="..\code\OpenTyria\GmChar.h" />
    <ClInclude Include="..\code\OpenTyria\GmFriend.h" />
    <ClInclude Include="..\code\OpenTyria\GmMap.h" />
    <ClInclude Include="..\code\OpenTyria\random.h" />
    <ClInclude Include="..\code\OpenTyria\sqlite3.h" />
    <ClInclude Include="..\code\OpenTyria\AuthMsg.h" />
    <ClInclude Include="..\code\OpenTyria\AuthSrv.h" />
    <ClInclude Include="..\code\OpenTyria\network.h" />
    <ClInclude Include="..\code\OpenTyria\GameMsg.h" />
    <ClInclude Include="..\code\OpenTyria\Db.h" />
    <ClInclude Include="..\code\OpenTyria\GmDefaultArmors.h" />
    <ClInclude Include="..\code\OpenTyria\GmInventory.h" />
    <ClInclude Include="..\code\OpenTyria\GmItem.h" />
    <ClInclude Include="..\code\OpenTyria\GmPlayer.h" />
    <ClInclude Include="..\code\OpenTyria\slice.h" />
    <ClInclude Include="..\code\OpenTyria\DbSchema.h" />
    <ClInclude Include="..\code\OpenTyria\GmAgent.h" />
    <ClInclude Include="..\code\OpenTyria\GmErrors.h" />
    <ClInclude Include="..\code\OpenTyria\GmMaps.h" />
    <ClInclude Include="..\code\OpenTyria\GmDefs.h" />
    <ClInclude Include="..\code\OpenTyria\GmIdTable.h" />
    <ClInclude Include="..\code\OpenTyria\GmTitle.h" />
    <ClInclude Include="..\code\OpenTyria\GmTitleConstData.h" />
    <ClInclude Include="..\code\OpenTyria\GmAgentProperties.h" />
    <ClInclude Include="..\code\OpenTyria\GmTitles.h" />
    <ClInclude Include="..\code\OpenTyria\GmParty.h" />
    <ClInclude Include="..\code\OpenTyria\GmChat.h" />
    <ClInclude Include="..\code\OpenTyria\GmColors.h" />
    <ClInclude Include="..\code\OpenTyria\GmMath.h" />
    <ClInclude Include="..\code\OpenTyria\GmText.h" />
    <ClInclude Include="..\code\OpenTyria\GmPaths.h" />
    <ClInclude Include="..\code\OpenTyria\GmPathHeap.h" />
    <ClInclude Include="..\code\OpenTyria\FaArchive.h" />
    <ClInclude Include="..\code\OpenTyria\FaCompress.h" />
    <ClInclude Include="..\code\OpenTyria\GmMapsConfig.h" />
    <ClInclude Include="..\code\OpenTyria\GmMapDataImport.h" />
    <ClInclude Include="..\code\OpenTyria\CtrlConn.h" />
    <ClInclude Include="..\code\OpenTyria\CtrlProto.h" />
    <ClInclude Include="..\code\OpenTyria\GmAttributes.h" />
    <ClInclude Include="..\code\OpenTyria\GmUuid.h" />
    <ClInclude Include="..\code\OpenTyria\bitmap.h" />
  </ItemGroup>
  <ItemGroup>
    <None Include="..\code\OpenTyria\msgdefs.info" />
  </ItemGroup>
</Project>